Microsoft Visual Studio Solution File, Format Version 9.00
# Visual Studio 2005
Project("{8BC9CEB8-8B4A-11D0-8D11-00A0C91BC942}") = "x264", "x264.vcproj", "{E99F6325-F1FE-4C47-81AE-0083B31B9B3F}"
EndProject
Project("{8BC9CEB8-8B4A-11D0-8D11-00A0C91BC942}") = "libenc", "libenc\libx264.vcproj", "{A8D6E4CD-1885-4B03-8E41-5F3DB825BAA6}"
EndProject
Project("{8BC9CEB8-8B4A-11D0-8D11-00A0C91BC942}") = "libdec", "libdec\libavcodec_2005.vcproj", "{5CAF881C-9349-4EE2-9697-982C10795033}"
EndProject
Global
	GlobalSection(SolutionConfigurationPlatforms) = preSolution
		Debug|Win32 = Debug|Win32
		Release|Win32 = Release|Win32
	EndGlobalSection
	GlobalSection(ProjectConfigurationPlatforms) = postSolution
		{E99F6325-F1FE-4C47-81AE-0083B31B9B3F}.Debug|Win32.ActiveCfg = Debug|Win32
		{E99F6325-F1FE-4C47-81AE-0083B31B9B3F}.Debug|Win32.Build.0 = Debug|Win32
		{E99F6325-F1FE-4C47-81AE-0083B31B9B3F}.Release|Win32.ActiveCfg = Release|Win32
		{E99F6325-F1FE-4C47-81AE-0083B31B9B3F}.Release|Win32.Build.0 = Release|Win32
		{A8D6E4CD-1885-4B03-8E41-5F3DB825BAA6}.Debug|Win32.ActiveCfg = Debug|Win32
		{A8D6E4CD-1885-4B03-8E41-5F3DB825BAA6}.Debug|Win32.Build.0 = Debug|Win32
		{A8D6E4CD-1885-4B03-8E41-5F3DB825BAA6}.Release|Win32.ActiveCfg = Release|Win32
		{A8D6E4CD-1885-4B03-8E41-5F3DB825BAA6}.Release|Win32.Build.0 = Release|Win32
		{5CAF881C-9349-4EE2-9697-982C10795033}.Debug|Win32.ActiveCfg = Debug|Win32
		{5CAF881C-9349-4EE2-9697-982C10795033}.Debug|Win32.Build.0 = Debug|Win32
		{5CAF881C-9349-4EE2-9697-982C10795033}.Release|Win32.ActiveCfg = Release|Win32
		{5CAF881C-9349-4EE2-9697-982C10795033}.Release|Win32.Build.0 = Release|Win32
	EndGlobalSection
	GlobalSection(SolutionProperties) = preSolution
		HideSolutionNode = FALSE
	EndGlobalSection
EndGlobal
